
Microsoft Visual Studio Solution File, Format Version 12.00
# Visual Studio Version 16
VisualStudioVersion = 16.0.30503.244
MinimumVisualStudioVersion = 10.0.40219.1
Project("{FAE04EC0-301F-11D3-BF4B-00C04F79EFBC}") = "Számlakészítés", "Számlakészítés\Számlakészítés.csproj", "{2998E831-FA89-42FD-A1BD-9A216DB7E796}"
EndProject
Global
	GlobalSection(SolutionConfigurationPlatforms) = preSolution
		Debug|Any CPU = Debug|Any CPU
		Release|Any CPU = Release|Any CPU
	EndGlobalSection
	GlobalSection(ProjectConfigurationPlatforms) = postSolution
		{2998E831-FA89-42FD-A1BD-9A216DB7E796}.Debug|Any CPU.ActiveCfg = Debug|Any CPU
		{2998E831-FA89-42FD-A1BD-9A216DB7E796}.Debug|Any CPU.Build.0 = Debug|Any CPU
		{2998E831-FA89-42FD-A1BD-9A216DB7E796}.Release|Any CPU.ActiveCfg = Release|Any CPU
		{2998E831-FA89-42FD-A1BD-9A216DB7E796}.Release|Any CPU.Build.0 = Release|Any CPU
	EndGlobalSection
	GlobalSection(SolutionProperties) = preSolution
		HideSolutionNode = FALSE
	EndGlobalSection
	GlobalSection(ExtensibilityGlobals) = postSolution
		SolutionGuid = {15E72016-060C-4C8E-A478-7B8867811FDF}
	EndGlobalSection
EndGlobal
